
Microsoft Visual Studio Solution File, Format Version 12.00
# Visual Studio Version 17
VisualStudioVersion = 17.9.34714.143
MinimumVisualStudioVersion = 10.0.40219.1
Project("{FAE04EC0-301F-11D3-BF4B-00C04F79EFBC}") = "CncData", "CncData\CncData.csproj", "{75B81972-5E83-4B2A-A83B-9EFCAAAABFAE}"
EndProject
Project("{FAE04EC0-301F-11D3-BF4B-00C04F79EFBC}") = "CncData.SeedRunner", "CncData.SeedRunner\CncData.SeedRunner.csproj", "{5986622A-B484-4C71-A9DD-62751DD9FC0B}"
EndProject
Project("{FAE04EC0-301F-11D3-BF4B-00C04F79EFBC}") = "CncApp_Final", "CncApp_Final\CncApp_Final.csproj", "{2D326C26-7889-46AF-A115-ADA3AE4D5B67}"
EndProject
Global
	GlobalSection(SolutionConfigurationPlatforms) = preSolution
		Debug|Any CPU = Debug|Any CPU
		Release|Any CPU = Release|Any CPU
	EndGlobalSection
	GlobalSection(ProjectConfigurationPlatforms) = postSolution
		{75B81972-5E83-4B2A-A83B-9EFCAAAABFAE}.Debug|Any CPU.ActiveCfg = Debug|Any CPU
		{75B81972-5E83-4B2A-A83B-9EFCAAAABFAE}.Debug|Any CPU.Build.0 = Debug|Any CPU
		{75B81972-5E83-4B2A-A83B-9EFCAAAABFAE}.Release|Any CPU.ActiveCfg = Release|Any CPU
		{75B81972-5E83-4B2A-A83B-9EFCAAAABFAE}.Release|Any CPU.Build.0 = Release|Any CPU
		{5986622A-B484-4C71-A9DD-62751DD9FC0B}.Debug|Any CPU.ActiveCfg = Debug|Any CPU
		{5986622A-B484-4C71-A9DD-62751DD9FC0B}.Debug|Any CPU.Build.0 = Debug|Any CPU
		{5986622A-B484-4C71-A9DD-62751DD9FC0B}.Release|Any CPU.ActiveCfg = Release|Any CPU
		{5986622A-B484-4C71-A9DD-62751DD9FC0B}.Release|Any CPU.Build.0 = Release|Any CPU
		{2D326C26-7889-46AF-A115-ADA3AE4D5B67}.Debug|Any CPU.ActiveCfg = Debug|Any CPU
		{2D326C26-7889-46AF-A115-ADA3AE4D5B67}.Debug|Any CPU.Build.0 = Debug|Any CPU
		{2D326C26-7889-46AF-A115-ADA3AE4D5B67}.Release|Any CPU.ActiveCfg = Release|Any CPU
		{2D326C26-7889-46AF-A115-ADA3AE4D5B67}.Release|Any CPU.Build.0 = Release|Any CPU
	EndGlobalSection
	GlobalSection(SolutionProperties) = preSolution
		HideSolutionNode = FALSE
	EndGlobalSection
	GlobalSection(ExtensibilityGlobals) = postSolution
		SolutionGuid = {C5136A7A-8284-4644-B587-995743738F61}
	EndGlobalSection
EndGlobal
